
Microsoft Visual Studio Solution File, Format Version 12.00
# Visual Studio Version 16
VisualStudioVersion = 16.0.30104.148
MinimumVisualStudioVersion = 10.0.40219.1
Project("{9A19103F-16F7-4668-BE54-9A1E7A4F7556}") = "Sigma", "Sigma.csproj", "{FB25D6E9-F2C1-442B-9AC8-336FB95191F6}"
EndProject
Project("{FAE04EC0-301F-11D3-BF4B-00C04F79EFBC}") = "SigmaModTest", "..\SigmaModTest\SigmaModTest.csproj", "{161CFE57-0C27-4532-BE39-DD01791C7F39}"
EndProject
Global
	GlobalSection(SolutionConfigurationPlatforms) = preSolution
		Debug|Any CPU = Debug|Any CPU
		Release|Any CPU = Release|Any CPU
	EndGlobalSection
	GlobalSection(ProjectConfigurationPlatforms) = postSolution
		{FB25D6E9-F2C1-442B-9AC8-336FB95191F6}.Debug|Any CPU.ActiveCfg = Debug|Any CPU
		{FB25D6E9-F2C1-442B-9AC8-336FB95191F6}.Debug|Any CPU.Build.0 = Debug|Any CPU
		{FB25D6E9-F2C1-442B-9AC8-336FB95191F6}.Release|Any CPU.ActiveCfg = Release|Any CPU
		{FB25D6E9-F2C1-442B-9AC8-336FB95191F6}.Release|Any CPU.Build.0 = Release|Any CPU
		{161CFE57-0C27-4532-BE39-DD01791C7F39}.Debug|Any CPU.ActiveCfg = Debug|Any CPU
		{161CFE57-0C27-4532-BE39-DD01791C7F39}.Debug|Any CPU.Build.0 = Debug|Any CPU
		{161CFE57-0C27-4532-BE39-DD01791C7F39}.Release|Any CPU.ActiveCfg = Release|Any CPU
		{161CFE57-0C27-4532-BE39-DD01791C7F39}.Release|Any CPU.Build.0 = Release|Any CPU
	EndGlobalSection
	GlobalSection(SolutionProperties) = preSolution
		HideSolutionNode = FALSE
	EndGlobalSection
	GlobalSection(ExtensibilityGlobals) = postSolution
		SolutionGuid = {C312BBD6-C6F4-4C15-A62A-0AA649B33C3E}
	EndGlobalSection
EndGlobal
